
Microsoft Visual Studio Solution File, Format Version 12.00
# Visual Studio Version 17
VisualStudioVersion = 17.5.33516.290
MinimumVisualStudioVersion = 10.0.40219.1
Project("{FAE04EC0-301F-11D3-BF4B-00C04F79EFBC}") = "Entidades", "Entidades\Entidades.csproj", "{B1554BE2-D77E-40EE-A076-55079B3B66AC}"
EndProject
Project("{9A19103F-16F7-4668-BE54-9A1E7A4F7556}") = "MiCalculadora", "..\FrmCalculadora\MiCalculadora.csproj", "{C2AA204A-A132-4C80-97B5-530330B2202F}"
EndProject
Global
	GlobalSection(SolutionConfigurationPlatforms) = preSolution
		Debug|Any CPU = Debug|Any CPU
		Release|Any CPU = Release|Any CPU
	EndGlobalSection
	GlobalSection(ProjectConfigurationPlatforms) = postSolution
		{B1554BE2-D77E-40EE-A076-55079B3B66AC}.Debug|Any CPU.ActiveCfg = Debug|Any CPU
		{B1554BE2-D77E-40EE-A076-55079B3B66AC}.Debug|Any CPU.Build.0 = Debug|Any CPU
		{B1554BE2-D77E-40EE-A076-55079B3B66AC}.Release|Any CPU.ActiveCfg = Release|Any CPU
		{B1554BE2-D77E-40EE-A076-55079B3B66AC}.Release|Any CPU.Build.0 = Release|Any CPU
		{C2AA204A-A132-4C80-97B5-530330B2202F}.Debug|Any CPU.ActiveCfg = Debug|Any CPU
		{C2AA204A-A132-4C80-97B5-530330B2202F}.Debug|Any CPU.Build.0 = Debug|Any CPU
		{C2AA204A-A132-4C80-97B5-530330B2202F}.Release|Any CPU.ActiveCfg = Release|Any CPU
		{C2AA204A-A132-4C80-97B5-530330B2202F}.Release|Any CPU.Build.0 = Release|Any CPU
	EndGlobalSection
	GlobalSection(SolutionProperties) = preSolution
		HideSolutionNode = FALSE
	EndGlobalSection
	GlobalSection(ExtensibilityGlobals) = postSolution
		SolutionGuid = {8FCF2D00-9D7F-4C09-A604-52C6C79E24E5}
	EndGlobalSection
EndGlobal
